
Microsoft Visual Studio Solution File, Format Version 12.00
# Visual Studio Version 16
VisualStudioVersion = 25.0.1706.7
MinimumVisualStudioVersion = 10.0.40219.1
Project("{FAE04EC0-301F-11D3-BF4B-00C04F79EFBC}") = "ConsoleSearch", "ConsoleSearch.csproj", "{1FCEFDE6-D6EC-4769-9412-C405C3EE96B1}"
EndProject
Global
	GlobalSection(SolutionConfigurationPlatforms) = preSolution
		Debug|Any CPU = Debug|Any CPU
		Release|Any CPU = Release|Any CPU
	EndGlobalSection
	GlobalSection(ProjectConfigurationPlatforms) = postSolution
		{1FCEFDE6-D6EC-4769-9412-C405C3EE96B1}.Debug|Any CPU.ActiveCfg = Debug|Any CPU
		{1FCEFDE6-D6EC-4769-9412-C405C3EE96B1}.Debug|Any CPU.Build.0 = Debug|Any CPU
		{1FCEFDE6-D6EC-4769-9412-C405C3EE96B1}.Release|Any CPU.ActiveCfg = Release|Any CPU
		{1FCEFDE6-D6EC-4769-9412-C405C3EE96B1}.Release|Any CPU.Build.0 = Release|Any CPU
	EndGlobalSection
	GlobalSection(SolutionProperties) = preSolution
		HideSolutionNode = FALSE
	EndGlobalSection
	GlobalSection(ExtensibilityGlobals) = postSolution
		SolutionGuid = {F568FF1F-4AA3-4DB0-80D3-641A956DF8F9}
	EndGlobalSection
EndGlobal
